
Microsoft Visual Studio Solution File, Format Version 12.00
# Visual Studio Version 17
VisualStudioVersion = 17.1.32414.318
MinimumVisualStudioVersion = 10.0.40219.1
Project("{FAE04EC0-301F-11D3-BF4B-00C04F79EFBC}") = "Demonia1", "Demonia1\Demonia1.csproj", "{3DB7F8DD-7E4E-4053-93A2-1292A84E6CBF}"
EndProject
Global
	GlobalSection(SolutionConfigurationPlatforms) = preSolution
		Debug|Any CPU = Debug|Any CPU
		Release|Any CPU = Release|Any CPU
	EndGlobalSection
	GlobalSection(ProjectConfigurationPlatforms) = postSolution
		{3DB7F8DD-7E4E-4053-93A2-1292A84E6CBF}.Debug|Any CPU.ActiveCfg = Debug|Any CPU
		{3DB7F8DD-7E4E-4053-93A2-1292A84E6CBF}.Debug|Any CPU.Build.0 = Debug|Any CPU
		{3DB7F8DD-7E4E-4053-93A2-1292A84E6CBF}.Release|Any CPU.ActiveCfg = Release|Any CPU
		{3DB7F8DD-7E4E-4053-93A2-1292A84E6CBF}.Release|Any CPU.Build.0 = Release|Any CPU
	EndGlobalSection
	GlobalSection(SolutionProperties) = preSolution
		HideSolutionNode = FALSE
	EndGlobalSection
	GlobalSection(ExtensibilityGlobals) = postSolution
		SolutionGuid = {EF57618E-BD26-4F5F-84BC-A98D01A294CC}
	EndGlobalSection
EndGlobal
